Microsoft Visual Studio Solution File, Format Version 12.00
# Visual Studio 2012
Project("{FAE04EC0-301F-11D3-BF4B-00C04F79EFBC}") = "OpenSmash", "OpenSmash.csproj", "{44220A54-314E-4A92-98B1-3A1107FF30BB}"
EndProject
Global
	GlobalSection(SolutionConfigurationPlatforms) = preSolution
	Debug|Any CPU = Debug|Any CPU
	ExportDebug|Any CPU = ExportDebug|Any CPU
	ExportRelease|Any CPU = ExportRelease|Any CPU
	EndGlobalSection
	GlobalSection(ProjectConfigurationPlatforms) = postSolution
		{44220A54-314E-4A92-98B1-3A1107FF30BB}.Debug|Any CPU.ActiveCfg = Debug|Any CPU
		{44220A54-314E-4A92-98B1-3A1107FF30BB}.Debug|Any CPU.Build.0 = Debug|Any CPU
		{44220A54-314E-4A92-98B1-3A1107FF30BB}.ExportDebug|Any CPU.ActiveCfg = ExportDebug|Any CPU
		{44220A54-314E-4A92-98B1-3A1107FF30BB}.ExportDebug|Any CPU.Build.0 = ExportDebug|Any CPU
		{44220A54-314E-4A92-98B1-3A1107FF30BB}.ExportRelease|Any CPU.ActiveCfg = ExportRelease|Any CPU
		{44220A54-314E-4A92-98B1-3A1107FF30BB}.ExportRelease|Any CPU.Build.0 = ExportRelease|Any CPU
	EndGlobalSection
EndGlobal
